
Microsoft Visual Studio Solution File, Format Version 12.00
# Visual Studio 15
VisualStudioVersion = 15.0.28010.2048
MinimumVisualStudioVersion = 10.0.40219.1
Project("{FAE04EC0-301F-11D3-BF4B-00C04F79EFBC}") = "StudyOrchardCore", "StudyOrchardCore\StudyOrchardCore.csproj", "{A151FBC9-E69B-4254-80F7-8C7985B6E3EA}"
EndProject
Project("{FAE04EC0-301F-11D3-BF4B-00C04F79EFBC}") = "Study.MyModule", "Study.MyModule\Study.MyModule.csproj", "{F1EDFF24-A8F1-473A-8ED6-D92B3AE1C9EA}"
EndProject
Global
	GlobalSection(SolutionConfigurationPlatforms) = preSolution
		Debug|Any CPU = Debug|Any CPU
		Release|Any CPU = Release|Any CPU
	EndGlobalSection
	GlobalSection(ProjectConfigurationPlatforms) = postSolution
		{A151FBC9-E69B-4254-80F7-8C7985B6E3EA}.Debug|Any CPU.ActiveCfg = Debug|Any CPU
		{A151FBC9-E69B-4254-80F7-8C7985B6E3EA}.Debug|Any CPU.Build.0 = Debug|Any CPU
		{A151FBC9-E69B-4254-80F7-8C7985B6E3EA}.Release|Any CPU.ActiveCfg = Release|Any CPU
		{A151FBC9-E69B-4254-80F7-8C7985B6E3EA}.Release|Any CPU.Build.0 = Release|Any CPU
		{F1EDFF24-A8F1-473A-8ED6-D92B3AE1C9EA}.Debug|Any CPU.ActiveCfg = Debug|Any CPU
		{F1EDFF24-A8F1-473A-8ED6-D92B3AE1C9EA}.Debug|Any CPU.Build.0 = Debug|Any CPU
		{F1EDFF24-A8F1-473A-8ED6-D92B3AE1C9EA}.Release|Any CPU.ActiveCfg = Release|Any CPU
		{F1EDFF24-A8F1-473A-8ED6-D92B3AE1C9EA}.Release|Any CPU.Build.0 = Release|Any CPU
	EndGlobalSection
	GlobalSection(SolutionProperties) = preSolution
		HideSolutionNode = FALSE
	EndGlobalSection
	GlobalSection(ExtensibilityGlobals) = postSolution
		SolutionGuid = {EF8E81DA-DE53-4CC8-BD51-27C281A67015}
	EndGlobalSection
EndGlobal
